
Microsoft Visual Studio Solution File, Format Version 12.00
# Visual Studio Version 17
VisualStudioVersion = 17.0.31903.59
MinimumVisualStudioVersion = 10.0.40219.1
Project("{2150E333-8FDC-42A3-9474-1A3956D46DE8}") = "src", "src", "{827E0CD3-B72D-47B6-A68D-7590B98EB39B}"
	ProjectSection(SolutionItems) = preProject
		appsettings.json = appsettings.json
	EndProjectSection
EndProject
Project("{FAE04EC0-301F-11D3-BF4B-00C04F79EFBC}") = "ElkAgent", "src\ElkAgent\ElkAgent.csproj", "{9BB91C12-4D76-4070-A17E-6E88EC25416A}"
EndProject
Project("{2150E333-8FDC-42A3-9474-1A3956D46DE8}") = "tests", "tests", "{0AB3BF05-4346-4AA6-1389-037BE0695223}"
EndProject
Project("{FAE04EC0-301F-11D3-BF4B-00C04F79EFBC}") = "ElkAgent.Tests", "tests\ElkAgent.Tests\ElkAgent.Tests.csproj", "{63D0BD20-225E-48E5-A114-10DB5C23C077}"
EndProject
Global
	GlobalSection(SolutionConfigurationPlatforms) = preSolution
		Debug|Any CPU = Debug|Any CPU
		Debug|x64 = Debug|x64
		Debug|x86 = Debug|x86
		Release|Any CPU = Release|Any CPU
		Release|x64 = Release|x64
		Release|x86 = Release|x86
	EndGlobalSection
	GlobalSection(ProjectConfigurationPlatforms) = postSolution
		{9BB91C12-4D76-4070-A17E-6E88EC25416A}.Debug|Any CPU.ActiveCfg = Debug|Any CPU
		{9BB91C12-4D76-4070-A17E-6E88EC25416A}.Debug|Any CPU.Build.0 = Debug|Any CPU
		{9BB91C12-4D76-4070-A17E-6E88EC25416A}.Debug|x64.ActiveCfg = Debug|Any CPU
		{9BB91C12-4D76-4070-A17E-6E88EC25416A}.Debug|x64.Build.0 = Debug|Any CPU
		{9BB91C12-4D76-4070-A17E-6E88EC25416A}.Debug|x86.ActiveCfg = Debug|Any CPU
		{9BB91C12-4D76-4070-A17E-6E88EC25416A}.Debug|x86.Build.0 = Debug|Any CPU
		{9BB91C12-4D76-4070-A17E-6E88EC25416A}.Release|Any CPU.ActiveCfg = Release|Any CPU
		{9BB91C12-4D76-4070-A17E-6E88EC25416A}.Release|Any CPU.Build.0 = Release|Any CPU
		{9BB91C12-4D76-4070-A17E-6E88EC25416A}.Release|x64.ActiveCfg = Release|Any CPU
		{9BB91C12-4D76-4070-A17E-6E88EC25416A}.Release|x64.Build.0 = Release|Any CPU
		{9BB91C12-4D76-4070-A17E-6E88EC25416A}.Release|x86.ActiveCfg = Release|Any CPU
		{9BB91C12-4D76-4070-A17E-6E88EC25416A}.Release|x86.Build.0 = Release|Any CPU
		{63D0BD20-225E-48E5-A114-10DB5C23C077}.Debug|Any CPU.ActiveCfg = Debug|Any CPU
		{63D0BD20-225E-48E5-A114-10DB5C23C077}.Debug|Any CPU.Build.0 = Debug|Any CPU
		{63D0BD20-225E-48E5-A114-10DB5C23C077}.Debug|x64.ActiveCfg = Debug|Any CPU
		{63D0BD20-225E-48E5-A114-10DB5C23C077}.Debug|x64.Build.0 = Debug|Any CPU
		{63D0BD20-225E-48E5-A114-10DB5C23C077}.Debug|x86.ActiveCfg = Debug|Any CPU
		{63D0BD20-225E-48E5-A114-10DB5C23C077}.Debug|x86.Build.0 = Debug|Any CPU
		{63D0BD20-225E-48E5-A114-10DB5C23C077}.Release|Any CPU.ActiveCfg = Release|Any CPU
		{63D0BD20-225E-48E5-A114-10DB5C23C077}.Release|Any CPU.Build.0 = Release|Any CPU
		{63D0BD20-225E-48E5-A114-10DB5C23C077}.Release|x64.ActiveCfg = Release|Any CPU
		{63D0BD20-225E-48E5-A114-10DB5C23C077}.Release|x64.Build.0 = Release|Any CPU
		{63D0BD20-225E-48E5-A114-10DB5C23C077}.Release|x86.ActiveCfg = Release|Any CPU
		{63D0BD20-225E-48E5-A114-10DB5C23C077}.Release|x86.Build.0 = Release|Any CPU
	EndGlobalSection
	GlobalSection(SolutionProperties) = preSolution
		HideSolutionNode = FALSE
	EndGlobalSection
	GlobalSection(NestedProjects) = preSolution
		{9BB91C12-4D76-4070-A17E-6E88EC25416A} = {827E0CD3-B72D-47B6-A68D-7590B98EB39B}
		{63D0BD20-225E-48E5-A114-10DB5C23C077} = {0AB3BF05-4346-4AA6-1389-037BE0695223}
	EndGlobalSection
	GlobalSection(ExtensibilityGlobals) = postSolution
		SolutionGuid = {C02ED94C-F5F5-4649-9452-EA4056674F5C}
	EndGlobalSection
EndGlobal
